PODS:
  - CocoaLumberjack (2.0.1):
    - CocoaLumberjack/Default (= 2.0.1)
    - CocoaLumberjack/Extensions (= 2.0.1)
  - CocoaLumberjack/Core (2.0.1)
  - CocoaLumberjack/Default (2.0.1):
    - CocoaLumberjack/Core
  - CocoaLumberjack/Extensions (2.0.1):
    - CocoaLumberjack/Default
  - MQTTClient (0.2.6)
  - SBJson (4.0.2)

DEPENDENCIES:
  - CocoaLumberjack
  - MQTTClient
  - SBJson

SPEC CHECKSUMS:
  CocoaLumberjack: 019d1361244274a6138c788c6cb80baabc13fb8f
  MQTTClient: f3af97fd4e26e0644364cb24e809b9646afce202
  SBJson: c18691cc18375b14664ff0fec841f8c4faef1934

COCOAPODS: 0.38.2
