PODS:
  - CocoaLumberjack (3.6.1):
    - CocoaLumberjack/Core (= 3.6.1)
  - CocoaLumberjack/Core (3.6.1)
  - mqttc/MinL (13.2.1):
    - CocoaLumberjack

DEPENDENCIES:
  - CocoaLumberjack
  - mqttc/MinL (from `~/mqttc`)

SPEC REPOS:
  https://github.com/CocoaPods/Specs.git:
    - CocoaLumberjack

EXTERNAL SOURCES:
  mqttc:
    :path: "~/mqttc"

SPEC CHECKSUMS:
  CocoaLumberjack: b17ae15142558d08bbacf69775fa10c4abbebcc9
  mqttc: b72b7f97136460f5432f454d2d70e2e48687e810

PODFILE CHECKSUM: d53723145b91ed8d8c4881b492811a92a6cd6a84

COCOAPODS: 1.8.4
