PODS:
  - CocoaLumberjack (3.6.2):
    - CocoaLumberjack/Core (= 3.6.2)
  - CocoaLumberjack/Core (3.6.2)
  - mqttc/MinL (13.3.1):
    - CocoaLumberjack

DEPENDENCIES:
  - CocoaLumberjack
  - mqttc/MinL (from `~/mqttc`)

SPEC REPOS:
  https://github.com/CocoaPods/Specs.git:
    - CocoaLumberjack

EXTERNAL SOURCES:
  mqttc:
    :path: "~/mqttc"

SPEC CHECKSUMS:
  CocoaLumberjack: bd155f2dd06c0e0b03f876f7a3ee55693122ec94
  mqttc: a7b5f9bf3fe998248d3f6edcb3991c69665adc18

PODFILE CHECKSUM: d53723145b91ed8d8c4881b492811a92a6cd6a84

COCOAPODS: 1.8.4
