// !$*UTF8*$!
{
	archiveVersion = 1;
	classes = {
	};
	objectVersion = 46;
	objects = {

/* Begin PBXBuildFile section */
		7119ECBD5405007C083892B6 /* libPods.a in Frameworks */ = {isa = PBXBuildFile; fileRef = D87D4EFD77FBFD2DA8EC5BD3 /* libPods.a */; };
		84147CDB1832662B0018E601 /* Command+Create.m in Sources */ = {isa = PBXBuildFile; fileRef = 84147CDA1832662B0018E601 /* Command+Create.m */; };
		84147CDE183269D50018E601 /* MQTTInspectorCommandsTableViewController.m in Sources */ = {isa = PBXBuildFile; fileRef = 84147CDD183269D50018E601 /* MQTTInspectorCommandsTableViewController.m */; };
		84147CF71834CDD10018E601 /* MQTTInspectorSetupPubsTableViewController.m in Sources */ = {isa = PBXBuildFile; fileRef = 84147CF61834CDD10018E601 /* MQTTInspectorSetupPubsTableViewController.m */; };
		84147CFA1834CDE70018E601 /* MQTTInspectorSetupPubTableViewController.m in Sources */ = {isa = PBXBuildFile; fileRef = 84147CF91834CDE70018E601 /* MQTTInspectorSetupPubTableViewController.m */; };
		84147CFE1834D3AD0018E601 /* MQTTInspectorSetupSessionTableViewController.m in Sources */ = {isa = PBXBuildFile; fileRef = 84147CFD1834D3AD0018E601 /* MQTTInspectorSetupSessionTableViewController.m */; };
		84147D011834E06A0018E601 /* MQTTInspectorDataViewController.m in Sources */ = {isa = PBXBuildFile; fileRef = 84147D001834E06A0018E601 /* MQTTInspectorDataViewController.m */; };
		84147D041835203D0018E601 /* MQTTInspectorSetupSubsTableViewController.m in Sources */ = {isa = PBXBuildFile; fileRef = 84147D031835203D0018E601 /* MQTTInspectorSetupSubsTableViewController.m */; };
		84147D071835204F0018E601 /* MQTTInspectorSetupSubTableViewController.m in Sources */ = {isa = PBXBuildFile; fileRef = 84147D061835204F0018E601 /* MQTTInspectorSetupSubTableViewController.m */; };
		84147D0E18365A9C0018E601 /* SRVResolver.m in Sources */ = {isa = PBXBuildFile; fileRef = 84147D0D18365A9C0018E601 /* SRVResolver.m */; };
		84147D1018365C740018E601 /* libresolv.dylib in Frameworks */ = {isa = PBXBuildFile; fileRef = 84147D0F18365C740018E601 /* libresolv.dylib */; };
		84147D13183673A70018E601 /* MQTTInspectorAdHocPubTableViewController.m in Sources */ = {isa = PBXBuildFile; fileRef = 84147D12183673A70018E601 /* MQTTInspectorAdHocPubTableViewController.m */; };
		84147D161838CB720018E601 /* MQTTInspectorMessagesTableViewController.m in Sources */ = {isa = PBXBuildFile; fileRef = 84147D151838CB720018E601 /* MQTTInspectorMessagesTableViewController.m */; };
		841A23941917DC8200DE15B3 /* Topic.m in Sources */ = {isa = PBXBuildFile; fileRef = 841A23931917DC8200DE15B3 /* Topic.m */; };
		841A239A1917DC8300DE15B3 /* Command.m in Sources */ = {isa = PBXBuildFile; fileRef = 841A23991917DC8300DE15B3 /* Command.m */; };
		841A239D1917DC8300DE15B3 /* Message.m in Sources */ = {isa = PBXBuildFile; fileRef = 841A239C1917DC8300DE15B3 /* Message.m */; };
		84684E8A1832192800AE13B5 /* Subscription+Create.m in Sources */ = {isa = PBXBuildFile; fileRef = 84684E891832192800AE13B5 /* Subscription+Create.m */; };
		84684E8D1832193B00AE13B5 /* Publication+Create.m in Sources */ = {isa = PBXBuildFile; fileRef = 84684E8C1832193B00AE13B5 /* Publication+Create.m */; };
		84684E9118321D1200AE13B5 /* MQTTInspectorPubsTableViewController.m in Sources */ = {isa = PBXBuildFile; fileRef = 84684E9018321D1200AE13B5 /* MQTTInspectorPubsTableViewController.m */; };
		84684E9418321D2300AE13B5 /* MQTTInspectorSubsTableViewController.m in Sources */ = {isa = PBXBuildFile; fileRef = 84684E9318321D2300AE13B5 /* MQTTInspectorSubsTableViewController.m */; };
		8469BE801916DF6100DB43F5 /* old.png in Resources */ = {isa = PBXBuildFile; fileRef = 8469BE7E1916DF6100DB43F5 /* old.png */; };
		8469BE811916DF6100DB43F5 /* new.png in Resources */ = {isa = PBXBuildFile; fileRef = 8469BE7F1916DF6100DB43F5 /* new.png */; };
		847355DA189692FC0028FE7A /* MQTTInspectorFilterTVC.m in Sources */ = {isa = PBXBuildFile; fileRef = 847355D9189692FC0028FE7A /* MQTTInspectorFilterTVC.m */; };
		847355E51897032E0028FE7A /* MQTTInspectorCoreDataTableViewController.m in Sources */ = {isa = PBXBuildFile; fileRef = 847355E41897032E0028FE7A /* MQTTInspectorCoreDataTableViewController.m */; };
		848794AD19A6130700DF56EB /* Publication.m in Sources */ = {isa = PBXBuildFile; fileRef = 848794AC19A6130700DF56EB /* Publication.m */; };
		848794B019A6135B00DF56EB /* Subscription.m in Sources */ = {isa = PBXBuildFile; fileRef = 848794AF19A6135B00DF56EB /* Subscription.m */; };
		8492C953182E63D300A40D8B /* Foundation.framework in Frameworks */ = {isa = PBXBuildFile; fileRef = 8492C952182E63D300A40D8B /* Foundation.framework */; };
		8492C955182E63D300A40D8B /* CoreGraphics.framework in Frameworks */ = {isa = PBXBuildFile; fileRef = 8492C954182E63D300A40D8B /* CoreGraphics.framework */; };
		8492C957182E63D300A40D8B /* UIKit.framework in Frameworks */ = {isa = PBXBuildFile; fileRef = 8492C956182E63D300A40D8B /* UIKit.framework */; };
		8492C959182E63D300A40D8B /* CoreData.framework in Frameworks */ = {isa = PBXBuildFile; fileRef = 8492C958182E63D300A40D8B /* CoreData.framework */; };
		8492C95F182E63D300A40D8B /* InfoPlist.strings in Resources */ = {isa = PBXBuildFile; fileRef = 8492C95D182E63D300A40D8B /* InfoPlist.strings */; };
		8492C961182E63D300A40D8B /* main.m in Sources */ = {isa = PBXBuildFile; fileRef = 8492C960182E63D300A40D8B /* main.m */; };
		8492C965182E63D300A40D8B /* MQTTInspectorAppDelegate.m in Sources */ = {isa = PBXBuildFile; fileRef = 8492C964182E63D300A40D8B /* MQTTInspectorAppDelegate.m */; };
		8492C968182E63D300A40D8B /* Main_iPhone.storyboard in Resources */ = {isa = PBXBuildFile; fileRef = 8492C966182E63D300A40D8B /* Main_iPhone.storyboard */; };
		8492C96B182E63D300A40D8B /* Main_iPad.storyboard in Resources */ = {isa = PBXBuildFile; fileRef = 8492C969182E63D300A40D8B /* Main_iPad.storyboard */; };
		8492C96E182E63D300A40D8B /* MQTTInspector.xcdatamodeld in Sources */ = {isa = PBXBuildFile; fileRef = 8492C96C182E63D300A40D8B /* MQTTInspector.xcdatamodeld */; };
		8492C971182E63D300A40D8B /* MQTTInspectorMasterViewController.m in Sources */ = {isa = PBXBuildFile; fileRef = 8492C970182E63D300A40D8B /* MQTTInspectorMasterViewController.m */; };
		8492C974182E63D300A40D8B /* MQTTInspectorDetailViewController.m in Sources */ = {isa = PBXBuildFile; fileRef = 8492C973182E63D300A40D8B /* MQTTInspectorDetailViewController.m */; };
		8492C976182E63D400A40D8B /* Images.xcassets in Resources */ = {isa = PBXBuildFile; fileRef = 8492C975182E63D400A40D8B /* Images.xcassets */; };
		8492C97D182E63D400A40D8B /* XCTest.framework in Frameworks */ = {isa = PBXBuildFile; fileRef = 8492C97C182E63D400A40D8B /* XCTest.framework */; };
		8492C97E182E63D400A40D8B /* Foundation.framework in Frameworks */ = {isa = PBXBuildFile; fileRef = 8492C952182E63D300A40D8B /* Foundation.framework */; };
		8492C97F182E63D400A40D8B /* UIKit.framework in Frameworks */ = {isa = PBXBuildFile; fileRef = 8492C956182E63D300A40D8B /* UIKit.framework */; };
		8492C980182E63D400A40D8B /* CoreData.framework in Frameworks */ = {isa = PBXBuildFile; fileRef = 8492C958182E63D300A40D8B /* CoreData.framework */; };
		8492C988182E63D400A40D8B /* InfoPlist.strings in Resources */ = {isa = PBXBuildFile; fileRef = 8492C986182E63D400A40D8B /* InfoPlist.strings */; };
		8492C98A182E63D400A40D8B /* MQTTInspectorTests.m in Sources */ = {isa = PBXBuildFile; fileRef = 8492C989182E63D400A40D8B /* MQTTInspectorTests.m */; };
		8492C99C182EDF8F00A40D8B /* Session+Create.m in Sources */ = {isa = PBXBuildFile; fileRef = 8492C99B182EDF8F00A40D8B /* Session+Create.m */; };
		84A1985C1830EC0B00A77080 /* Message+Create.m in Sources */ = {isa = PBXBuildFile; fileRef = 84A1985B1830EC0B00A77080 /* Message+Create.m */; };
		84A1986818310FC000A77080 /* MQTTInspectorLogsTableViewController.m in Sources */ = {isa = PBXBuildFile; fileRef = 84A1986718310FC000A77080 /* MQTTInspectorLogsTableViewController.m */; };
		84A1987A183114BF00A77080 /* Topic+Create.m in Sources */ = {isa = PBXBuildFile; fileRef = 84A19879183114BF00A77080 /* Topic+Create.m */; };
		84A1987D1831179D00A77080 /* MQTTInspectorTopicsTableViewController.m in Sources */ = {isa = PBXBuildFile; fileRef = 84A1987C1831179D00A77080 /* MQTTInspectorTopicsTableViewController.m */; };
		84B1C73C183B554D0062D1EE /* MQTTInspectorDNSSRVTableViewController.m in Sources */ = {isa = PBXBuildFile; fileRef = 84B1C73B183B554D0062D1EE /* MQTTInspectorDNSSRVTableViewController.m */; };
		84B97F9F1A8CF23200F04760 /* Launch Screen.xib in Resources */ = {isa = PBXBuildFile; fileRef = 84B97F9E1A8CF23200F04760 /* Launch Screen.xib */; };
		84CF335C1918BF0700E433A1 /* Session.m in Sources */ = {isa = PBXBuildFile; fileRef = 84CF335B1918BF0700E433A1 /* Session.m */; };
		84EE13AA1AE06928003D3009 /* Crashlytics.framework in Frameworks */ = {isa = PBXBuildFile; fileRef = 84EE13A81AE06928003D3009 /* Crashlytics.framework */; };
		84EE13AB1AE06928003D3009 /* Fabric.framework in Frameworks */ = {isa = PBXBuildFile; fileRef = 84EE13A91AE06928003D3009 /* Fabric.framework */; };
/* End PBXBuildFile section */

/* Begin PBXContainerItemProxy section */
		8492C981182E63D400A40D8B /* PBXContainerItemProxy */ = {
			isa = PBXContainerItemProxy;
			containerPortal = 8492C947182E63D300A40D8B /* Project object */;
			proxyType = 1;
			remoteGlobalIDString = 8492C94E182E63D300A40D8B;
			remoteInfo = MQTTInspector;
		};
/* End PBXContainerItemProxy section */

/* Begin PBXFileReference section */
		02EC590D0928FE1689E637DD /* Pods.release.xcconfig */ = {isa = PBXFileReference; includeInIndex = 1; lastKnownFileType = text.xcconfig; name = Pods.release.xcconfig; path = "Pods/Target Support Files/Pods/Pods.release.xcconfig"; sourceTree = "<group>"; };
		84147CD91832662B0018E601 /* Command+Create.h */ = {isa = PBXFileReference; fileEncoding = 4; lastKnownFileType = sourcecode.c.h; name = "Command+Create.h"; path = "../Command+Create.h"; sourceTree = "<group>"; };
		84147CDA1832662B0018E601 /* Command+Create.m */ = {isa = PBXFileReference; fileEncoding = 4; lastKnownFileType = sourcecode.c.objc; name = "Command+Create.m"; path = "../Command+Create.m"; sourceTree = "<group>"; };
		84147CDC183269D50018E601 /* MQTTInspectorCommandsTableViewController.h */ = {isa = PBXFileReference; fileEncoding = 4; lastKnownFileType = sourcecode.c.h; path = MQTTInspectorCommandsTableViewController.h; sourceTree = "<group>"; };
		84147CDD183269D50018E601 /* MQTTInspectorCommandsTableViewController.m */ = {isa = PBXFileReference; fileEncoding = 4; lastKnownFileType = sourcecode.c.objc; path = MQTTInspectorCommandsTableViewController.m; sourceTree = "<group>"; };
		84147CF51834CDD10018E601 /* MQTTInspectorSetupPubsTableViewController.h */ = {isa = PBXFileReference; fileEncoding = 4; lastKnownFileType = sourcecode.c.h; path = MQTTInspectorSetupPubsTableViewController.h; sourceTree = "<group>"; };
		84147CF61834CDD10018E601 /* MQTTInspectorSetupPubsTableViewController.m */ = {isa = PBXFileReference; fileEncoding = 4; lastKnownFileType = sourcecode.c.objc; path = MQTTInspectorSetupPubsTableViewController.m; sourceTree = "<group>"; };
		84147CF81834CDE70018E601 /* MQTTInspectorSetupPubTableViewController.h */ = {isa = PBXFileReference; fileEncoding = 4; lastKnownFileType = sourcecode.c.h; path = MQTTInspectorSetupPubTableViewController.h; sourceTree = "<group>"; };
		84147CF91834CDE70018E601 /* MQTTInspectorSetupPubTableViewController.m */ = {isa = PBXFileReference; fileEncoding = 4; lastKnownFileType = sourcecode.c.objc; path = MQTTInspectorSetupPubTableViewController.m; sourceTree = "<group>"; };
		84147CFC1834D3AD0018E601 /* MQTTInspectorSetupSessionTableViewController.h */ = {isa = PBXFileReference; fileEncoding = 4; lastKnownFileType = sourcecode.c.h; path = MQTTInspectorSetupSessionTableViewController.h; sourceTree = "<group>"; };
		84147CFD1834D3AD0018E601 /* MQTTInspectorSetupSessionTableViewController.m */ = {isa = PBXFileReference; fileEncoding = 4; lastKnownFileType = sourcecode.c.objc; path = MQTTInspectorSetupSessionTableViewController.m; sourceTree = "<group>"; };
		84147CFF1834E06A0018E601 /* MQTTInspectorDataViewController.h */ = {isa = PBXFileReference; fileEncoding = 4; lastKnownFileType = sourcecode.c.h; path = MQTTInspectorDataViewController.h; sourceTree = "<group>"; };
		84147D001834E06A0018E601 /* MQTTInspectorDataViewController.m */ = {isa = PBXFileReference; fileEncoding = 4; lastKnownFileType = sourcecode.c.objc; path = MQTTInspectorDataViewController.m; sourceTree = "<group>"; };
		84147D021835203D0018E601 /* MQTTInspectorSetupSubsTableViewController.h */ = {isa = PBXFileReference; fileEncoding = 4; lastKnownFileType = sourcecode.c.h; path = MQTTInspectorSetupSubsTableViewController.h; sourceTree = "<group>"; };
		84147D031835203D0018E601 /* MQTTInspectorSetupSubsTableViewController.m */ = {isa = PBXFileReference; fileEncoding = 4; lastKnownFileType = sourcecode.c.objc; path = MQTTInspectorSetupSubsTableViewController.m; sourceTree = "<group>"; };
		84147D051835204F0018E601 /* MQTTInspectorSetupSubTableViewController.h */ = {isa = PBXFileReference; fileEncoding = 4; lastKnownFileType = sourcecode.c.h; path = MQTTInspectorSetupSubTableViewController.h; sourceTree = "<group>"; };
		84147D061835204F0018E601 /* MQTTInspectorSetupSubTableViewController.m */ = {isa = PBXFileReference; fileEncoding = 4; lastKnownFileType = sourcecode.c.objc; path = MQTTInspectorSetupSubTableViewController.m; sourceTree = "<group>"; };
		84147D0818363BFC0018E601 /* libdns_services.dylib */ = {isa = PBXFileReference; lastKnownFileType = "compiled.mach-o.dylib"; name = libdns_services.dylib; path = usr/lib/libdns_services.dylib; sourceTree = SDKROOT; };
		84147D0A18363C540018E601 /* CFNetwork.framework */ = {isa = PBXFileReference; lastKnownFileType = wrapper.framework; name = CFNetwork.framework; path = System/Library/Frameworks/CFNetwork.framework; sourceTree = SDKROOT; };
		84147D0C18365A9C0018E601 /* SRVResolver.h */ = {isa = PBXFileReference; fileEncoding = 4; lastKnownFileType = sourcecode.c.h; path = SRVResolver.h; sourceTree = "<group>"; };
		84147D0D18365A9C0018E601 /* SRVResolver.m */ = {isa = PBXFileReference; fileEncoding = 4; lastKnownFileType = sourcecode.c.objc; path = SRVResolver.m; sourceTree = "<group>"; };
		84147D0F18365C740018E601 /* libresolv.dylib */ = {isa = PBXFileReference; lastKnownFileType = "compiled.mach-o.dylib"; name = libresolv.dylib; path = usr/lib/libresolv.dylib; sourceTree = SDKROOT; };
		84147D11183673A70018E601 /* MQTTInspectorAdHocPubTableViewController.h */ = {isa = PBXFileReference; fileEncoding = 4; lastKnownFileType = sourcecode.c.h; path = MQTTInspectorAdHocPubTableViewController.h; sourceTree = "<group>"; };
		84147D12183673A70018E601 /* MQTTInspectorAdHocPubTableViewController.m */ = {isa = PBXFileReference; fileEncoding = 4; lastKnownFileType = sourcecode.c.objc; path = MQTTInspectorAdHocPubTableViewController.m; sourceTree = "<group>"; };
		84147D141838CB720018E601 /* MQTTInspectorMessagesTableViewController.h */ = {isa = PBXFileReference; fileEncoding = 4; lastKnownFileType = sourcecode.c.h; path = MQTTInspectorMessagesTableViewController.h; sourceTree = "<group>"; };
		84147D151838CB720018E601 /* MQTTInspectorMessagesTableViewController.m */ = {isa = PBXFileReference; fileEncoding = 4; lastKnownFileType = sourcecode.c.objc; path = MQTTInspectorMessagesTableViewController.m; sourceTree = "<group>"; };
		841A23921917DC8200DE15B3 /* Topic.h */ = {isa = PBXFileReference; fileEncoding = 4; lastKnownFileType = sourcecode.c.h; path = Topic.h; sourceTree = "<group>"; };
		841A23931917DC8200DE15B3 /* Topic.m */ = {isa = PBXFileReference; fileEncoding = 4; lastKnownFileType = sourcecode.c.objc; path = Topic.m; sourceTree = "<group>"; };
		841A23981917DC8300DE15B3 /* Command.h */ = {isa = PBXFileReference; fileEncoding = 4; lastKnownFileType = sourcecode.c.h; path = Command.h; sourceTree = "<group>"; };
		841A23991917DC8300DE15B3 /* Command.m */ = {isa = PBXFileReference; fileEncoding = 4; lastKnownFileType = sourcecode.c.objc; path = Command.m; sourceTree = "<group>"; };
		841A239B1917DC8300DE15B3 /* Message.h */ = {isa = PBXFileReference; fileEncoding = 4; lastKnownFileType = sourcecode.c.h; path = Message.h; sourceTree = "<group>"; };
		841A239C1917DC8300DE15B3 /* Message.m */ = {isa = PBXFileReference; fileEncoding = 4; lastKnownFileType = sourcecode.c.objc; path = Message.m; sourceTree = "<group>"; };
		8423B4AF187BE726006B08AC /* MQTTInspector 1.2.xcdatamodel */ = {isa = PBXFileReference; lastKnownFileType = wrapper.xcdatamodel; path = "MQTTInspector 1.2.xcdatamodel"; sourceTree = "<group>"; };
		8423B4B6187C5B8D006B08AC /* MQTTInspector 1.2a.xcdatamodel */ = {isa = PBXFileReference; lastKnownFileType = wrapper.xcdatamodel; path = "MQTTInspector 1.2a.xcdatamodel"; sourceTree = "<group>"; };
		84283FF71846ABD70078DA05 /* MQTTInspector 5.xcdatamodel */ = {isa = PBXFileReference; lastKnownFileType = wrapper.xcdatamodel; path = "MQTTInspector 5.xcdatamodel"; sourceTree = "<group>"; };
		845DBE6F1884310700EDB183 /* MQTTInspector 1.3.xcdatamodel */ = {isa = PBXFileReference; lastKnownFileType = wrapper.xcdatamodel; path = "MQTTInspector 1.3.xcdatamodel"; sourceTree = "<group>"; };
		84684E881832192800AE13B5 /* Subscription+Create.h */ = {isa = PBXFileReference; fileEncoding = 4; lastKnownFileType = sourcecode.c.h; name = "Subscription+Create.h"; path = "../Subscription+Create.h"; sourceTree = "<group>"; };
		84684E891832192800AE13B5 /* Subscription+Create.m */ = {isa = PBXFileReference; fileEncoding = 4; lastKnownFileType = sourcecode.c.objc; name = "Subscription+Create.m"; path = "../Subscription+Create.m"; sourceTree = "<group>"; };
		84684E8B1832193B00AE13B5 /* Publication+Create.h */ = {isa = PBXFileReference; fileEncoding = 4; lastKnownFileType = sourcecode.c.h; name = "Publication+Create.h"; path = "../Publication+Create.h"; sourceTree = "<group>"; };
		84684E8C1832193B00AE13B5 /* Publication+Create.m */ = {isa = PBXFileReference; fileEncoding = 4; lastKnownFileType = sourcecode.c.objc; name = "Publication+Create.m"; path = "../Publication+Create.m"; sourceTree = "<group>"; };
		84684E8F18321D1200AE13B5 /* MQTTInspectorPubsTableViewController.h */ = {isa = PBXFileReference; fileEncoding = 4; lastKnownFileType = sourcecode.c.h; path = MQTTInspectorPubsTableViewController.h; sourceTree = "<group>"; };
		84684E9018321D1200AE13B5 /* MQTTInspectorPubsTableViewController.m */ = {isa = PBXFileReference; fileEncoding = 4; lastKnownFileType = sourcecode.c.objc; path = MQTTInspectorPubsTableViewController.m; sourceTree = "<group>"; };
		84684E9218321D2300AE13B5 /* MQTTInspectorSubsTableViewController.h */ = {isa = PBXFileReference; fileEncoding = 4; lastKnownFileType = sourcecode.c.h; path = MQTTInspectorSubsTableViewController.h; sourceTree = "<group>"; };
		84684E9318321D2300AE13B5 /* MQTTInspectorSubsTableViewController.m */ = {isa = PBXFileReference; fileEncoding = 4; lastKnownFileType = sourcecode.c.objc; path = MQTTInspectorSubsTableViewController.m; sourceTree = "<group>"; };
		8469BE7A1916DEC300DB43F5 /* MQTTInspector 1.4.2.1.xcdatamodel */ = {isa = PBXFileReference; lastKnownFileType = wrapper.xcdatamodel; path = "MQTTInspector 1.4.2.1.xcdatamodel"; sourceTree = "<group>"; };
		8469BE7E1916DF6100DB43F5 /* old.png */ = {isa = PBXFileReference; lastKnownFileType = image.png; path = old.png; sourceTree = "<group>"; };
		8469BE7F1916DF6100DB43F5 /* new.png */ = {isa = PBXFileReference; lastKnownFileType = image.png; path = new.png; sourceTree = "<group>"; };
		8469BE821916E46A00DB43F5 /* MQTTInspector 1.4.2.2.xcdatamodel */ = {isa = PBXFileReference; lastKnownFileType = wrapper.xcdatamodel; path = "MQTTInspector 1.4.2.2.xcdatamodel"; sourceTree = "<group>"; };
		847355D8189692FC0028FE7A /* MQTTInspectorFilterTVC.h */ = {isa = PBXFileReference; fileEncoding = 4; lastKnownFileType = sourcecode.c.h; path = MQTTInspectorFilterTVC.h; sourceTree = SOURCE_ROOT; };
		847355D9189692FC0028FE7A /* MQTTInspectorFilterTVC.m */ = {isa = PBXFileReference; fileEncoding = 4; lastKnownFileType = sourcecode.c.objc; path = MQTTInspectorFilterTVC.m; sourceTree = SOURCE_ROOT; };
		847355DB189695990028FE7A /* MQTTInspector 1.3a.xcdatamodel */ = {isa = PBXFileReference; lastKnownFileType = wrapper.xcdatamodel; path = "MQTTInspector 1.3a.xcdatamodel"; sourceTree = "<group>"; };
		847355DF1896E9DE0028FE7A /* MQTTInspector 1.3b.xcdatamodel */ = {isa = PBXFileReference; lastKnownFileType = wrapper.xcdatamodel; path = "MQTTInspector 1.3b.xcdatamodel"; sourceTree = "<group>"; };
		847355E31897032E0028FE7A /* MQTTInspectorCoreDataTableViewController.h */ = {isa = PBXFileReference; fileEncoding = 4; lastKnownFileType = sourcecode.c.h; path = MQTTInspectorCoreDataTableViewController.h; sourceTree = "<group>"; };
		847355E41897032E0028FE7A /* MQTTInspectorCoreDataTableViewController.m */ = {isa = PBXFileReference; fileEncoding = 4; lastKnownFileType = sourcecode.c.objc; path = MQTTInspectorCoreDataTableViewController.m; sourceTree = "<group>"; };
		848794AA19A612DC00DF56EB /* MQTTInspector 1.5.2.xcdatamodel */ = {isa = PBXFileReference; lastKnownFileType = wrapper.xcdatamodel; path = "MQTTInspector 1.5.2.xcdatamodel"; sourceTree = "<group>"; };
		848794AB19A6130700DF56EB /* Publication.h */ = {isa = PBXFileReference; fileEncoding = 4; lastKnownFileType = sourcecode.c.h; path = Publication.h; sourceTree = "<group>"; };
		848794AC19A6130700DF56EB /* Publication.m */ = {isa = PBXFileReference; fileEncoding = 4; lastKnownFileType = sourcecode.c.objc; path = Publication.m; sourceTree = "<group>"; };
		848794AE19A6135B00DF56EB /* Subscription.h */ = {isa = PBXFileReference; fileEncoding = 4; lastKnownFileType = sourcecode.c.h; path = Subscription.h; sourceTree = "<group>"; };
		848794AF19A6135B00DF56EB /* Subscription.m */ = {isa = PBXFileReference; fileEncoding = 4; lastKnownFileType = sourcecode.c.objc; path = Subscription.m; sourceTree = "<group>"; };
		8492C94F182E63D300A40D8B /* MQTTInspector.app */ = {isa = PBXFileReference; explicitFileType = wrapper.application; includeInIndex = 0; path = MQTTInspector.app; sourceTree = BUILT_PRODUCTS_DIR; };
		8492C952182E63D300A40D8B /* Foundation.framework */ = {isa = PBXFileReference; lastKnownFileType = wrapper.framework; name = Foundation.framework; path = System/Library/Frameworks/Foundation.framework; sourceTree = SDKROOT; };
		8492C954182E63D300A40D8B /* CoreGraphics.framework */ = {isa = PBXFileReference; lastKnownFileType = wrapper.framework; name = CoreGraphics.framework; path = System/Library/Frameworks/CoreGraphics.framework; sourceTree = SDKROOT; };
		8492C956182E63D300A40D8B /* UIKit.framework */ = {isa = PBXFileReference; lastKnownFileType = wrapper.framework; name = UIKit.framework; path = System/Library/Frameworks/UIKit.framework; sourceTree = SDKROOT; };
		8492C958182E63D300A40D8B /* CoreData.framework */ = {isa = PBXFileReference; lastKnownFileType = wrapper.framework; name = CoreData.framework; path = System/Library/Frameworks/CoreData.framework; sourceTree = SDKROOT; };
		8492C95C182E63D300A40D8B /* MQTTInspector-Info.plist */ = {isa = PBXFileReference; lastKnownFileType = text.plist.xml; path = "MQTTInspector-Info.plist"; sourceTree = "<group>"; };
		8492C95E182E63D300A40D8B /* en */ = {isa = PBXFileReference; lastKnownFileType = text.plist.strings; name = en; path = en.lproj/InfoPlist.strings; sourceTree = "<group>"; };
		8492C960182E63D300A40D8B /* main.m */ = {isa = PBXFileReference; lastKnownFileType = sourcecode.c.objc; path = main.m; sourceTree = "<group>"; };
		8492C962182E63D300A40D8B /* MQTTInspector-Prefix.pch */ = {isa = PBXFileReference; lastKnownFileType = sourcecode.c.h; path = "MQTTInspector-Prefix.pch"; sourceTree = "<group>"; };
		8492C963182E63D300A40D8B /* MQTTInspectorAppDelegate.h */ = {isa = PBXFileReference; lastKnownFileType = sourcecode.c.h; path = MQTTInspectorAppDelegate.h; sourceTree = "<group>"; };
		8492C964182E63D300A40D8B /* MQTTInspectorAppDelegate.m */ = {isa = PBXFileReference; lastKnownFileType = sourcecode.c.objc; path = MQTTInspectorAppDelegate.m; sourceTree = "<group>"; };
		8492C967182E63D300A40D8B /* Base */ = {isa = PBXFileReference; lastKnownFileType = file.storyboard; name = Base; path = Base.lproj/Main_iPhone.storyboard; sourceTree = "<group>"; };
		8492C96A182E63D300A40D8B /* Base */ = {isa = PBXFileReference; lastKnownFileType = file.storyboard; name = Base; path = Base.lproj/Main_iPad.storyboard; sourceTree = "<group>"; };
		8492C96D182E63D300A40D8B /* MQTTInspector.xcdatamodel */ = {isa = PBXFileReference; lastKnownFileType = wrapper.xcdatamodel; path = MQTTInspector.xcdatamodel; sourceTree = "<group>"; };
		8492C96F182E63D300A40D8B /* MQTTInspectorMasterViewController.h */ = {isa = PBXFileReference; lastKnownFileType = sourcecode.c.h; path = MQTTInspectorMasterViewController.h; sourceTree = "<group>"; };
		8492C970182E63D300A40D8B /* MQTTInspectorMasterViewController.m */ = {isa = PBXFileReference; lastKnownFileType = sourcecode.c.objc; path = MQTTInspectorMasterViewController.m; sourceTree = "<group>"; };
		8492C972182E63D300A40D8B /* MQTTInspectorDetailViewController.h */ = {isa = PBXFileReference; lastKnownFileType = sourcecode.c.h; path = MQTTInspectorDetailViewController.h; sourceTree = "<group>"; };
		8492C973182E63D300A40D8B /* MQTTInspectorDetailViewController.m */ = {isa = PBXFileReference; lastKnownFileType = sourcecode.c.objc; path = MQTTInspectorDetailViewController.m; sourceTree = "<group>"; };
		8492C975182E63D400A40D8B /* Images.xcassets */ = {isa = PBXFileReference; lastKnownFileType = folder.assetcatalog; path = Images.xcassets; sourceTree = "<group>"; };
		8492C97B182E63D400A40D8B /* MQTTInspectorTests.xctest */ = {isa = PBXFileReference; explicitFileType = wrapper.cfbundle; includeInIndex = 0; path = MQTTInspectorTests.xctest; sourceTree = BUILT_PRODUCTS_DIR; };
		8492C97C182E63D400A40D8B /* XCTest.framework */ = {isa = PBXFileReference; lastKnownFileType = wrapper.framework; name = XCTest.framework; path = Library/Frameworks/XCTest.framework; sourceTree = DEVELOPER_DIR; };
		8492C985182E63D400A40D8B /* MQTTInspectorTests-Info.plist */ = {isa = PBXFileReference; lastKnownFileType = text.plist.xml; path = "MQTTInspectorTests-Info.plist"; sourceTree = "<group>"; };
		8492C987182E63D400A40D8B /* en */ = {isa = PBXFileReference; lastKnownFileType = text.plist.strings; name = en; path = en.lproj/InfoPlist.strings; sourceTree = "<group>"; };
		8492C989182E63D400A40D8B /* MQTTInspectorTests.m */ = {isa = PBXFileReference; lastKnownFileType = sourcecode.c.objc; path = MQTTInspectorTests.m; sourceTree = "<group>"; };
		8492C99A182EDF8F00A40D8B /* Session+Create.h */ = {isa = PBXFileReference; fileEncoding = 4; lastKnownFileType = sourcecode.c.h; name = "Session+Create.h"; path = "../Session+Create.h"; sourceTree = "<group>"; };
		8492C99B182EDF8F00A40D8B /* Session+Create.m */ = {isa = PBXFileReference; fileEncoding = 4; lastKnownFileType = sourcecode.c.objc; name = "Session+Create.m"; path = "../Session+Create.m"; sourceTree = "<group>"; };
		84A1985A1830EC0B00A77080 /* Message+Create.h */ = {isa = PBXFileReference; fileEncoding = 4; lastKnownFileType = sourcecode.c.h; name = "Message+Create.h"; path = "../Message+Create.h"; sourceTree = "<group>"; };
		84A1985B1830EC0B00A77080 /* Message+Create.m */ = {isa = PBXFileReference; fileEncoding = 4; lastKnownFileType = sourcecode.c.objc; name = "Message+Create.m"; path = "../Message+Create.m"; sourceTree = "<group>"; };
		84A1986618310FC000A77080 /* MQTTInspectorLogsTableViewController.h */ = {isa = PBXFileReference; fileEncoding = 4; lastKnownFileType = sourcecode.c.h; path = MQTTInspectorLogsTableViewController.h; sourceTree = SOURCE_ROOT; };
		84A1986718310FC000A77080 /* MQTTInspectorLogsTableViewController.m */ = {isa = PBXFileReference; fileEncoding = 4; lastKnownFileType = sourcecode.c.objc; path = MQTTInspectorLogsTableViewController.m; sourceTree = SOURCE_ROOT; };
		84A19878183114BF00A77080 /* Topic+Create.h */ = {isa = PBXFileReference; fileEncoding = 4; lastKnownFileType = sourcecode.c.h; name = "Topic+Create.h"; path = "../Topic+Create.h"; sourceTree = "<group>"; };
		84A19879183114BF00A77080 /* Topic+Create.m */ = {isa = PBXFileReference; fileEncoding = 4; lastKnownFileType = sourcecode.c.objc; name = "Topic+Create.m"; path = "../Topic+Create.m"; sourceTree = "<group>"; };
		84A1987B1831179D00A77080 /* MQTTInspectorTopicsTableViewController.h */ = {isa = PBXFileReference; fileEncoding = 4; lastKnownFileType = sourcecode.c.h; path = MQTTInspectorTopicsTableViewController.h; sourceTree = "<group>"; };
		84A1987C1831179D00A77080 /* MQTTInspectorTopicsTableViewController.m */ = {isa = PBXFileReference; fileEncoding = 4; lastKnownFileType = sourcecode.c.objc; path = MQTTInspectorTopicsTableViewController.m; sourceTree = "<group>"; };
		84B1C73A183B554D0062D1EE /* MQTTInspectorDNSSRVTableViewController.h */ = {isa = PBXFileReference; fileEncoding = 4; lastKnownFileType = sourcecode.c.h; path = MQTTInspectorDNSSRVTableViewController.h; sourceTree = "<group>"; };
		84B1C73B183B554D0062D1EE /* MQTTInspectorDNSSRVTableViewController.m */ = {isa = PBXFileReference; fileEncoding = 4; lastKnownFileType = sourcecode.c.objc; path = MQTTInspectorDNSSRVTableViewController.m; sourceTree = "<group>"; };
		84B97F9E1A8CF23200F04760 /* Launch Screen.xib */ = {isa = PBXFileReference; fileEncoding = 4; lastKnownFileType = file.xib; path = "Launch Screen.xib"; sourceTree = "<group>"; };
		84BB7121183A3EE7005AF544 /* MQTTInspector 3.xcdatamodel */ = {isa = PBXFileReference; lastKnownFileType = wrapper.xcdatamodel; path = "MQTTInspector 3.xcdatamodel"; sourceTree = "<group>"; };
		84BB7125183A82FC005AF544 /* MQTTInspector 4.xcdatamodel */ = {isa = PBXFileReference; lastKnownFileType = wrapper.xcdatamodel; path = "MQTTInspector 4.xcdatamodel"; sourceTree = "<group>"; };
		84C308F1183A2F6B0031C606 /* MQTTInspector 2.xcdatamodel */ = {isa = PBXFileReference; lastKnownFileType = wrapper.xcdatamodel; path = "MQTTInspector 2.xcdatamodel"; sourceTree = "<group>"; };
		84CF33591918BEDE00E433A1 /* MQTTInspector 1.4.2.3.xcdatamodel */ = {isa = PBXFileReference; lastKnownFileType = wrapper.xcdatamodel; path = "MQTTInspector 1.4.2.3.xcdatamodel"; sourceTree = "<group>"; };
		84CF335A1918BF0700E433A1 /* Session.h */ = {isa = PBXFileReference; fileEncoding = 4; lastKnownFileType = sourcecode.c.h; path = Session.h; sourceTree = "<group>"; };
		84CF335B1918BF0700E433A1 /* Session.m */ = {isa = PBXFileReference; fileEncoding = 4; lastKnownFileType = sourcecode.c.objc; path = Session.m; sourceTree = "<group>"; };
		84ECF5E41916624E00B99683 /* MQTTInspector 1.4.2.xcdatamodel */ = {isa = PBXFileReference; lastKnownFileType = wrapper.xcdatamodel; path = "MQTTInspector 1.4.2.xcdatamodel"; sourceTree = "<group>"; };
		84EE13A81AE06928003D3009 /* Crashlytics.framework */ = {isa = PBXFileReference; lastKnownFileType = wrapper.framework; path = Crashlytics.framework; sourceTree = SOURCE_ROOT; };
		84EE13A91AE06928003D3009 /* Fabric.framework */ = {isa = PBXFileReference; lastKnownFileType = wrapper.framework; path = Fabric.framework; sourceTree = SOURCE_ROOT; };
		D87D4EFD77FBFD2DA8EC5BD3 /* libPods.a */ = {isa = PBXFileReference; explicitFileType = archive.ar; includeInIndex = 0; path = libPods.a; sourceTree = BUILT_PRODUCTS_DIR; };
		FB27ED3878E4AB6D64BD59B6 /* Pods.debug.xcconfig */ = {isa = PBXFileReference; includeInIndex = 1; lastKnownFileType = text.xcconfig; name = Pods.debug.xcconfig; path = "Pods/Target Support Files/Pods/Pods.debug.xcconfig"; sourceTree = "<group>"; };
/* End PBXFileReference section */

/* Begin PBXFrameworksBuildPhase section */
		8492C94C182E63D300A40D8B /* Frameworks */ = {
			isa = PBXFrameworksBuildPhase;
			buildActionMask = 2147483647;
			files = (
				84147D1018365C740018E601 /* libresolv.dylib in Frameworks */,
				8492C955182E63D300A40D8B /* CoreGraphics.framework in Frameworks */,
				8492C959182E63D300A40D8B /* CoreData.framework in Frameworks */,
				84EE13AB1AE06928003D3009 /* Fabric.framework in Frameworks */,
				8492C957182E63D300A40D8B /* UIKit.framework in Frameworks */,
				8492C953182E63D300A40D8B /* Foundation.framework in Frameworks */,
				7119ECBD5405007C083892B6 /* libPods.a in Frameworks */,
				84EE13AA1AE06928003D3009 /* Crashlytics.framework in Frameworks */,
			);
			runOnlyForDeploymentPostprocessing = 0;
		};
		8492C978182E63D400A40D8B /* Frameworks */ = {
			isa = PBXFrameworksBuildPhase;
			buildActionMask = 2147483647;
			files = (
				8492C97D182E63D400A40D8B /* XCTest.framework in Frameworks */,
				8492C980182E63D400A40D8B /* CoreData.framework in Frameworks */,
				8492C97F182E63D400A40D8B /* UIKit.framework in Frameworks */,
				8492C97E182E63D400A40D8B /* Foundation.framework in Frameworks */,
			);
			runOnlyForDeploymentPostprocessing = 0;
		};
/* End PBXFrameworksBuildPhase section */

/* Begin PBXGroup section */
		84684E8E18321CCD00AE13B5 /* CoreData */ = {
			isa = PBXGroup;
			children = (
				8492C96C182E63D300A40D8B /* MQTTInspector.xcdatamodeld */,
				848794AE19A6135B00DF56EB /* Subscription.h */,
				848794AF19A6135B00DF56EB /* Subscription.m */,
				848794AB19A6130700DF56EB /* Publication.h */,
				848794AC19A6130700DF56EB /* Publication.m */,
				84CF335A1918BF0700E433A1 /* Session.h */,
				84CF335B1918BF0700E433A1 /* Session.m */,
				841A239B1917DC8300DE15B3 /* Message.h */,
				841A239C1917DC8300DE15B3 /* Message.m */,
				841A23981917DC8300DE15B3 /* Command.h */,
				841A23991917DC8300DE15B3 /* Command.m */,
				841A23921917DC8200DE15B3 /* Topic.h */,
				841A23931917DC8200DE15B3 /* Topic.m */,
				84147CD91832662B0018E601 /* Command+Create.h */,
				84147CDA1832662B0018E601 /* Command+Create.m */,
				84A19878183114BF00A77080 /* Topic+Create.h */,
				84A19879183114BF00A77080 /* Topic+Create.m */,
				84684E881832192800AE13B5 /* Subscription+Create.h */,
				84684E891832192800AE13B5 /* Subscription+Create.m */,
				84684E8B1832193B00AE13B5 /* Publication+Create.h */,
				84684E8C1832193B00AE13B5 /* Publication+Create.m */,
				84A1985A1830EC0B00A77080 /* Message+Create.h */,
				84A1985B1830EC0B00A77080 /* Message+Create.m */,
				8492C99A182EDF8F00A40D8B /* Session+Create.h */,
				8492C99B182EDF8F00A40D8B /* Session+Create.m */,
			);
			name = CoreData;
			sourceTree = "<group>";
		};
		8492C946182E63D300A40D8B = {
			isa = PBXGroup;
			children = (
				84EE13A81AE06928003D3009 /* Crashlytics.framework */,
				84EE13A91AE06928003D3009 /* Fabric.framework */,
				8492C95A182E63D300A40D8B /* MQTTInspector */,
				8492C983182E63D400A40D8B /* MQTTInspectorTests */,
				8492C951182E63D300A40D8B /* Frameworks */,
				8492C950182E63D300A40D8B /* Products */,
				E8B970C4EED728C9E18A6AEC /* Pods */,
			);
			sourceTree = "<group>";
		};
		8492C950182E63D300A40D8B /* Products */ = {
			isa = PBXGroup;
			children = (
				8492C94F182E63D300A40D8B /* MQTTInspector.app */,
				8492C97B182E63D400A40D8B /* MQTTInspectorTests.xctest */,
			);
			name = Products;
			sourceTree = "<group>";
		};
		8492C951182E63D300A40D8B /* Frameworks */ = {
			isa = PBXGroup;
			children = (
				84147D0F18365C740018E601 /* libresolv.dylib */,
				84147D0A18363C540018E601 /* CFNetwork.framework */,
				84147D0818363BFC0018E601 /* libdns_services.dylib */,
				8492C952182E63D300A40D8B /* Foundation.framework */,
				8492C954182E63D300A40D8B /* CoreGraphics.framework */,
				8492C956182E63D300A40D8B /* UIKit.framework */,
				8492C958182E63D300A40D8B /* CoreData.framework */,
				8492C97C182E63D400A40D8B /* XCTest.framework */,
				D87D4EFD77FBFD2DA8EC5BD3 /* libPods.a */,
			);
			name = Frameworks;
			sourceTree = "<group>";
		};
		8492C95A182E63D300A40D8B /* MQTTInspector */ = {
			isa = PBXGroup;
			children = (
				8492C963182E63D300A40D8B /* MQTTInspectorAppDelegate.h */,
				8492C964182E63D300A40D8B /* MQTTInspectorAppDelegate.m */,
				84147D0C18365A9C0018E601 /* SRVResolver.h */,
				84147D0D18365A9C0018E601 /* SRVResolver.m */,
				8492C966182E63D300A40D8B /* Main_iPhone.storyboard */,
				8492C969182E63D300A40D8B /* Main_iPad.storyboard */,
				84CF335E1918C0BA00E433A1 /* Setup */,
				84CF335D1918C08E00E433A1 /* Monitor */,
				8492C975182E63D400A40D8B /* Images.xcassets */,
				84B97F9E1A8CF23200F04760 /* Launch Screen.xib */,
				8469BE7E1916DF6100DB43F5 /* old.png */,
				8469BE7F1916DF6100DB43F5 /* new.png */,
				84684E8E18321CCD00AE13B5 /* CoreData */,
				8492C95B182E63D300A40D8B /* Supporting Files */,
			);
			path = MQTTInspector;
			sourceTree = "<group>";
		};
		8492C95B182E63D300A40D8B /* Supporting Files */ = {
			isa = PBXGroup;
			children = (
				8492C95C182E63D300A40D8B /* MQTTInspector-Info.plist */,
				8492C95D182E63D300A40D8B /* InfoPlist.strings */,
				8492C960182E63D300A40D8B /* main.m */,
				8492C962182E63D300A40D8B /* MQTTInspector-Prefix.pch */,
			);
			name = "Supporting Files";
			sourceTree = "<group>";
		};
		8492C983182E63D400A40D8B /* MQTTInspectorTests */ = {
			isa = PBXGroup;
			children = (
				8492C989182E63D400A40D8B /* MQTTInspectorTests.m */,
				8492C984182E63D400A40D8B /* Supporting Files */,
			);
			path = MQTTInspectorTests;
			sourceTree = "<group>";
		};
		8492C984182E63D400A40D8B /* Supporting Files */ = {
			isa = PBXGroup;
			children = (
				8492C985182E63D400A40D8B /* MQTTInspectorTests-Info.plist */,
				8492C986182E63D400A40D8B /* InfoPlist.strings */,
			);
			name = "Supporting Files";
			sourceTree = "<group>";
		};
		84CF335D1918C08E00E433A1 /* Monitor */ = {
			isa = PBXGroup;
			children = (
				8492C972182E63D300A40D8B /* MQTTInspectorDetailViewController.h */,
				8492C973182E63D300A40D8B /* MQTTInspectorDetailViewController.m */,
				84147CFF1834E06A0018E601 /* MQTTInspectorDataViewController.h */,
				84147D001834E06A0018E601 /* MQTTInspectorDataViewController.m */,
				84147D141838CB720018E601 /* MQTTInspectorMessagesTableViewController.h */,
				84147D151838CB720018E601 /* MQTTInspectorMessagesTableViewController.m */,
				84A1986618310FC000A77080 /* MQTTInspectorLogsTableViewController.h */,
				84A1986718310FC000A77080 /* MQTTInspectorLogsTableViewController.m */,
				84147CDC183269D50018E601 /* MQTTInspectorCommandsTableViewController.h */,
				84147CDD183269D50018E601 /* MQTTInspectorCommandsTableViewController.m */,
				84A1987B1831179D00A77080 /* MQTTInspectorTopicsTableViewController.h */,
				84A1987C1831179D00A77080 /* MQTTInspectorTopicsTableViewController.m */,
			);
			name = Monitor;
			sourceTree = "<group>";
		};
		84CF335E1918C0BA00E433A1 /* Setup */ = {
			isa = PBXGroup;
			children = (
				8492C96F182E63D300A40D8B /* MQTTInspectorMasterViewController.h */,
				8492C970182E63D300A40D8B /* MQTTInspectorMasterViewController.m */,
				84147CFC1834D3AD0018E601 /* MQTTInspectorSetupSessionTableViewController.h */,
				84147CFD1834D3AD0018E601 /* MQTTInspectorSetupSessionTableViewController.m */,
				84B1C73A183B554D0062D1EE /* MQTTInspectorDNSSRVTableViewController.h */,
				84B1C73B183B554D0062D1EE /* MQTTInspectorDNSSRVTableViewController.m */,
				847355E31897032E0028FE7A /* MQTTInspectorCoreDataTableViewController.h */,
				847355E41897032E0028FE7A /* MQTTInspectorCoreDataTableViewController.m */,
				84147CF51834CDD10018E601 /* MQTTInspectorSetupPubsTableViewController.h */,
				84147CF61834CDD10018E601 /* MQTTInspectorSetupPubsTableViewController.m */,
				84147D021835203D0018E601 /* MQTTInspectorSetupSubsTableViewController.h */,
				84147D031835203D0018E601 /* MQTTInspectorSetupSubsTableViewController.m */,
				84147D051835204F0018E601 /* MQTTInspectorSetupSubTableViewController.h */,
				84147D061835204F0018E601 /* MQTTInspectorSetupSubTableViewController.m */,
				84147CF81834CDE70018E601 /* MQTTInspectorSetupPubTableViewController.h */,
				84147CF91834CDE70018E601 /* MQTTInspectorSetupPubTableViewController.m */,
				84684E9218321D2300AE13B5 /* MQTTInspectorSubsTableViewController.h */,
				84684E9318321D2300AE13B5 /* MQTTInspectorSubsTableViewController.m */,
				84684E8F18321D1200AE13B5 /* MQTTInspectorPubsTableViewController.h */,
				84684E9018321D1200AE13B5 /* MQTTInspectorPubsTableViewController.m */,
				84147D11183673A70018E601 /* MQTTInspectorAdHocPubTableViewController.h */,
				84147D12183673A70018E601 /* MQTTInspectorAdHocPubTableViewController.m */,
				847355D8189692FC0028FE7A /* MQTTInspectorFilterTVC.h */,
				847355D9189692FC0028FE7A /* MQTTInspectorFilterTVC.m */,
			);
			name = Setup;
			sourceTree = "<group>";
		};
		E8B970C4EED728C9E18A6AEC /* Pods */ = {
			isa = PBXGroup;
			children = (
				FB27ED3878E4AB6D64BD59B6 /* Pods.debug.xcconfig */,
				02EC590D0928FE1689E637DD /* Pods.release.xcconfig */,
			);
			name = Pods;
			sourceTree = "<group>";
		};
/* End PBXGroup section */

/* Begin PBXNativeTarget section */
		8492C94E182E63D300A40D8B /* MQTTInspector */ = {
			isa = PBXNativeTarget;
			buildConfigurationList = 8492C98D182E63D400A40D8B /* Build configuration list for PBXNativeTarget "MQTTInspector" */;
			buildPhases = (
				2E71F7F5D3628866D6688D66 /* Check Pods Manifest.lock */,
				8492C94B182E63D300A40D8B /* Sources */,
				8492C94C182E63D300A40D8B /* Frameworks */,
				8492C94D182E63D300A40D8B /* Resources */,
				91A50C70F9D8936B78C48E04 /* Copy Pods Resources */,
				84EE13A71AE06906003D3009 /* ShellScript */,
			);
			buildRules = (
			);
			dependencies = (
			);
			name = MQTTInspector;
			productName = MQTTInspector;
			productReference = 8492C94F182E63D300A40D8B /* MQTTInspector.app */;
			productType = "com.apple.product-type.application";
		};
		8492C97A182E63D400A40D8B /* MQTTInspectorTests */ = {
			isa = PBXNativeTarget;
			buildConfigurationList = 8492C990182E63D400A40D8B /* Build configuration list for PBXNativeTarget "MQTTInspectorTests" */;
			buildPhases = (
				8492C977182E63D400A40D8B /* Sources */,
				8492C978182E63D400A40D8B /* Frameworks */,
				8492C979182E63D400A40D8B /* Resources */,
			);
			buildRules = (
			);
			dependencies = (
				8492C982182E63D400A40D8B /* PBXTargetDependency */,
			);
			name = MQTTInspectorTests;
			productName = MQTTInspectorTests;
			productReference = 8492C97B182E63D400A40D8B /* MQTTInspectorTests.xctest */;
			productType = "com.apple.product-type.bundle.unit-test";
		};
/* End PBXNativeTarget section */

/* Begin PBXProject section */
		8492C947182E63D300A40D8B /* Project object */ = {
			isa = PBXProject;
			attributes = {
				CLASSPREFIX = MQTTInspector;
				LastUpgradeCheck = 0700;
				ORGANIZATIONNAME = "Christoph Krey";
				TargetAttributes = {
					8492C94E182E63D300A40D8B = {
						DevelopmentTeam = C652JFWU23;
					};
					8492C97A182E63D400A40D8B = {
						TestTargetID = 8492C94E182E63D300A40D8B;
					};
				};
			};
			buildConfigurationList = 8492C94A182E63D300A40D8B /* Build configuration list for PBXProject "MQTTInspector" */;
			compatibilityVersion = "Xcode 3.2";
			developmentRegion = English;
			hasScannedForEncodings = 0;
			knownRegions = (
				en,
				Base,
			);
			mainGroup = 8492C946182E63D300A40D8B;
			productRefGroup = 8492C950182E63D300A40D8B /* Products */;
			projectDirPath = "";
			projectRoot = "";
			targets = (
				8492C94E182E63D300A40D8B /* MQTTInspector */,
				8492C97A182E63D400A40D8B /* MQTTInspectorTests */,
			);
		};
/* End PBXProject section */

/* Begin PBXResourcesBuildPhase section */
		8492C94D182E63D300A40D8B /* Resources */ = {
			isa = PBXResourcesBuildPhase;
			buildActionMask = 2147483647;
			files = (
				8469BE811916DF6100DB43F5 /* new.png in Resources */,
				8492C96B182E63D300A40D8B /* Main_iPad.storyboard in Resources */,
				8469BE801916DF6100DB43F5 /* old.png in Resources */,
				8492C976182E63D400A40D8B /* Images.xcassets in Resources */,
				8492C968182E63D300A40D8B /* Main_iPhone.storyboard in Resources */,
				84B97F9F1A8CF23200F04760 /* Launch Screen.xib in Resources */,
				8492C95F182E63D300A40D8B /* InfoPlist.strings in Resources */,
			);
			runOnlyForDeploymentPostprocessing = 0;
		};
		8492C979182E63D400A40D8B /* Resources */ = {
			isa = PBXResourcesBuildPhase;
			buildActionMask = 2147483647;
			files = (
				8492C988182E63D400A40D8B /* InfoPlist.strings in Resources */,
			);
			runOnlyForDeploymentPostprocessing = 0;
		};
/* End PBXResourcesBuildPhase section */

/* Begin PBXShellScriptBuildPhase section */
		2E71F7F5D3628866D6688D66 /* Check Pods Manifest.lock */ = {
			isa = PBXShellScriptBuildPhase;
			buildActionMask = 2147483647;
			files = (
			);
			inputPaths = (
			);
			name = "Check Pods Manifest.lock";
			outputPaths = (
			);
			runOnlyForDeploymentPostprocessing = 0;
			shellPath = /bin/sh;
			shellScript = "diff \"${PODS_ROOT}/../Podfile.lock\" \"${PODS_ROOT}/Manifest.lock\" > /dev/null\nif [[ $? != 0 ]] ; then\n    cat << EOM\nerror: The sandbox is not in sync with the Podfile.lock. Run 'pod install' or update your CocoaPods installation.\nEOM\n    exit 1\nfi\n";
			showEnvVarsInLog = 0;
		};
		84EE13A71AE06906003D3009 /* ShellScript */ = {
			isa = PBXShellScriptBuildPhase;
			buildActionMask = 2147483647;
			files = (
			);
			inputPaths = (
			);
			outputPaths = (
			);
			runOnlyForDeploymentPostprocessing = 0;
			shellPath = /bin/sh;
			shellScript = "./Fabric.framework/run e44c44a1a79cb757131e807fc29016438bc0d420 2666d328f87eea1bd136c0039a3f1814af440f1558379cb3a6d1d7081614b01e";
		};
		91A50C70F9D8936B78C48E04 /* Copy Pods Resources */ = {
			isa = PBXShellScriptBuildPhase;
			buildActionMask = 2147483647;
			files = (
			);
			inputPaths = (
			);
			name = "Copy Pods Resources";
			outputPaths = (
			);
			runOnlyForDeploymentPostprocessing = 0;
			shellPath = /bin/sh;
			shellScript = "\"${SRCROOT}/Pods/Target Support Files/Pods/Pods-resources.sh\"\n";
			showEnvVarsInLog = 0;
		};
/* End PBXShellScriptBuildPhase section */

/* Begin PBXSourcesBuildPhase section */
		8492C94B182E63D300A40D8B /* Sources */ = {
			isa = PBXSourcesBuildPhase;
			buildActionMask = 2147483647;
			files = (
				8492C96E182E63D300A40D8B /* MQTTInspector.xcdatamodeld in Sources */,
				84A1987D1831179D00A77080 /* MQTTInspectorTopicsTableViewController.m in Sources */,
				84B1C73C183B554D0062D1EE /* MQTTInspectorDNSSRVTableViewController.m in Sources */,
				84684E9418321D2300AE13B5 /* MQTTInspectorSubsTableViewController.m in Sources */,
				84147CF71834CDD10018E601 /* MQTTInspectorSetupPubsTableViewController.m in Sources */,
				841A23941917DC8200DE15B3 /* Topic.m in Sources */,
				84147D071835204F0018E601 /* MQTTInspectorSetupSubTableViewController.m in Sources */,
				84147D0E18365A9C0018E601 /* SRVResolver.m in Sources */,
				84684E8D1832193B00AE13B5 /* Publication+Create.m in Sources */,
				84684E9118321D1200AE13B5 /* MQTTInspectorPubsTableViewController.m in Sources */,
				848794B019A6135B00DF56EB /* Subscription.m in Sources */,
				841A239A1917DC8300DE15B3 /* Command.m in Sources */,
				84147D13183673A70018E601 /* MQTTInspectorAdHocPubTableViewController.m in Sources */,
				848794AD19A6130700DF56EB /* Publication.m in Sources */,
				841A239D1917DC8300DE15B3 /* Message.m in Sources */,
				84147D161838CB720018E601 /* MQTTInspectorMessagesTableViewController.m in Sources */,
				84684E8A1832192800AE13B5 /* Subscription+Create.m in Sources */,
				8492C974182E63D300A40D8B /* MQTTInspectorDetailViewController.m in Sources */,
				84147CFE1834D3AD0018E601 /* MQTTInspectorSetupSessionTableViewController.m in Sources */,
				8492C965182E63D300A40D8B /* MQTTInspectorAppDelegate.m in Sources */,
				84A1985C1830EC0B00A77080 /* Message+Create.m in Sources */,
				84147D011834E06A0018E601 /* MQTTInspectorDataViewController.m in Sources */,
				84CF335C1918BF0700E433A1 /* Session.m in Sources */,
				847355DA189692FC0028FE7A /* MQTTInspectorFilterTVC.m in Sources */,
				84A1986818310FC000A77080 /* MQTTInspectorLogsTableViewController.m in Sources */,
				8492C971182E63D300A40D8B /* MQTTInspectorMasterViewController.m in Sources */,
				84147D041835203D0018E601 /* MQTTInspectorSetupSubsTableViewController.m in Sources */,
				84147CFA1834CDE70018E601 /* MQTTInspectorSetupPubTableViewController.m in Sources */,
				8492C961182E63D300A40D8B /* main.m in Sources */,
				84147CDB1832662B0018E601 /* Command+Create.m in Sources */,
				847355E51897032E0028FE7A /* MQTTInspectorCoreDataTableViewController.m in Sources */,
				8492C99C182EDF8F00A40D8B /* Session+Create.m in Sources */,
				84A1987A183114BF00A77080 /* Topic+Create.m in Sources */,
				84147CDE183269D50018E601 /* MQTTInspectorCommandsTableViewController.m in Sources */,
			);
			runOnlyForDeploymentPostprocessing = 0;
		};
		8492C977182E63D400A40D8B /* Sources */ = {
			isa = PBXSourcesBuildPhase;
			buildActionMask = 2147483647;
			files = (
				8492C98A182E63D400A40D8B /* MQTTInspectorTests.m in Sources */,
			);
			runOnlyForDeploymentPostprocessing = 0;
		};
/* End PBXSourcesBuildPhase section */

/* Begin PBXTargetDependency section */
		8492C982182E63D400A40D8B /* PBXTargetDependency */ = {
			isa = PBXTargetDependency;
			target = 8492C94E182E63D300A40D8B /* MQTTInspector */;
			targetProxy = 8492C981182E63D400A40D8B /* PBXContainerItemProxy */;
		};
/* End PBXTargetDependency section */

/* Begin PBXVariantGroup section */
		8492C95D182E63D300A40D8B /* InfoPlist.strings */ = {
			isa = PBXVariantGroup;
			children = (
				8492C95E182E63D300A40D8B /* en */,
			);
			name = InfoPlist.strings;
			sourceTree = "<group>";
		};
		8492C966182E63D300A40D8B /* Main_iPhone.storyboard */ = {
			isa = PBXVariantGroup;
			children = (
				8492C967182E63D300A40D8B /* Base */,
			);
			name = Main_iPhone.storyboard;
			sourceTree = "<group>";
		};
		8492C969182E63D300A40D8B /* Main_iPad.storyboard */ = {
			isa = PBXVariantGroup;
			children = (
				8492C96A182E63D300A40D8B /* Base */,
			);
			name = Main_iPad.storyboard;
			sourceTree = "<group>";
		};
		8492C986182E63D400A40D8B /* InfoPlist.strings */ = {
			isa = PBXVariantGroup;
			children = (
				8492C987182E63D400A40D8B /* en */,
			);
			name = InfoPlist.strings;
			sourceTree = "<group>";
		};
/* End PBXVariantGroup section */

/* Begin XCBuildConfiguration section */
		8492C98B182E63D400A40D8B /* Debug */ = {
			isa = XCBuildConfiguration;
			buildSettings = {
				ALWAYS_SEARCH_USER_PATHS = NO;
				CLANG_CXX_LANGUAGE_STANDARD = "gnu++0x";
				CLANG_CXX_LIBRARY = "libc++";
				CLANG_ENABLE_MODULES = YES;
				CLANG_ENABLE_OBJC_ARC = YES;
				CLANG_WARN_BOOL_CONVERSION = YES;
				CLANG_WARN_CONSTANT_CONVERSION = YES;
				CLANG_WARN_DIRECT_OBJC_ISA_USAGE = YES_ERROR;
				CLANG_WARN_EMPTY_BODY = YES;
				CLANG_WARN_ENUM_CONVERSION = YES;
				CLANG_WARN_INT_CONVERSION = YES;
				CLANG_WARN_OBJC_ROOT_CLASS = YES_ERROR;
				CLANG_WARN__DUPLICATE_METHOD_MATCH = YES;
				"CODE_SIGN_IDENTITY[sdk=iphoneos*]" = "iPhone Developer";
				COPY_PHASE_STRIP = NO;
				ENABLE_TESTABILITY = YES;
				GCC_C_LANGUAGE_STANDARD = gnu99;
				GCC_DYNAMIC_NO_PIC = NO;
				GCC_OPTIMIZATION_LEVEL = 0;
				GCC_PREPROCESSOR_DEFINITIONS = (
					"DEBUG=1",
					"$(inherited)",
				);
				GCC_SYMBOLS_PRIVATE_EXTERN = NO;
				GCC_WARN_64_TO_32_BIT_CONVERSION = YES;
				GCC_WARN_ABOUT_RETURN_TYPE = YES_ERROR;
				GCC_WARN_UNDECLARED_SELECTOR = YES;
				GCC_WARN_UNINITIALIZED_AUTOS = YES;
				GCC_WARN_UNUSED_FUNCTION = YES;
				GCC_WARN_UNUSED_VARIABLE = YES;
				IPHONEOS_DEPLOYMENT_TARGET = 7.0;
				ONLY_ACTIVE_ARCH = YES;
				SDKROOT = iphoneos;
				TARGETED_DEVICE_FAMILY = "1,2";
			};
			name = Debug;
		};
		8492C98C182E63D400A40D8B /* Release */ = {
			isa = XCBuildConfiguration;
			buildSettings = {
				ALWAYS_SEARCH_USER_PATHS = NO;
				CLANG_CXX_LANGUAGE_STANDARD = "gnu++0x";
				CLANG_CXX_LIBRARY = "libc++";
				CLANG_ENABLE_MODULES = YES;
				CLANG_ENABLE_OBJC_ARC = YES;
				CLANG_WARN_BOOL_CONVERSION = YES;
				CLANG_WARN_CONSTANT_CONVERSION = YES;
				CLANG_WARN_DIRECT_OBJC_ISA_USAGE = YES_ERROR;
				CLANG_WARN_EMPTY_BODY = YES;
				CLANG_WARN_ENUM_CONVERSION = YES;
				CLANG_WARN_INT_CONVERSION = YES;
				CLANG_WARN_OBJC_ROOT_CLASS = YES_ERROR;
				CLANG_WARN__DUPLICATE_METHOD_MATCH = YES;
				"CODE_SIGN_IDENTITY[sdk=iphoneos*]" = "iPhone Developer";
				COPY_PHASE_STRIP = YES;
				ENABLE_NS_ASSERTIONS = NO;
				GCC_C_LANGUAGE_STANDARD = gnu99;
				GCC_WARN_64_TO_32_BIT_CONVERSION = YES;
				GCC_WARN_ABOUT_RETURN_TYPE = YES_ERROR;
				GCC_WARN_UNDECLARED_SELECTOR = YES;
				GCC_WARN_UNINITIALIZED_AUTOS = YES;
				GCC_WARN_UNUSED_FUNCTION = YES;
				GCC_WARN_UNUSED_VARIABLE = YES;
				IPHONEOS_DEPLOYMENT_TARGET = 7.0;
				SDKROOT = iphoneos;
				TARGETED_DEVICE_FAMILY = "1,2";
				VALIDATE_PRODUCT = YES;
			};
			name = Release;
		};
		8492C98E182E63D400A40D8B /* Debug */ = {
			isa = XCBuildConfiguration;
			baseConfigurationReference = FB27ED3878E4AB6D64BD59B6 /* Pods.debug.xcconfig */;
			buildSettings = {
				ASSETCATALOG_COMPILER_APPICON_NAME = AppIcon;
				ASSETCATALOG_COMPILER_LAUNCHIMAGE_NAME = LaunchImage;
				CODE_SIGN_IDENTITY = "iPhone Developer";
				"CODE_SIGN_IDENTITY[sdk=iphoneos*]" = "iPhone Developer";
				FRAMEWORK_SEARCH_PATHS = (
					"$(inherited)",
					"$(PROJECT_DIR)",
				);
				GCC_PRECOMPILE_PREFIX_HEADER = YES;
				GCC_PREFIX_HEADER = "MQTTInspector/MQTTInspector-Prefix.pch";
				INFOPLIST_FILE = "MQTTInspector/MQTTInspector-Info.plist";
				IPHONEOS_DEPLOYMENT_TARGET = 7.1;
				PRODUCT_BUNDLE_IDENTIFIER = "org.mqttitude.${PRODUCT_NAME:rfc1034identifier}";
				PRODUCT_NAME = "$(TARGET_NAME)";
				PROVISIONING_PROFILE = "";
				WRAPPER_EXTENSION = app;
			};
			name = Debug;
		};
		8492C98F182E63D400A40D8B /* Release */ = {
			isa = XCBuildConfiguration;
			baseConfigurationReference = 02EC590D0928FE1689E637DD /* Pods.release.xcconfig */;
			buildSettings = {
				ASSETCATALOG_COMPILER_APPICON_NAME = AppIcon;
				ASSETCATALOG_COMPILER_LAUNCHIMAGE_NAME = LaunchImage;
				CODE_SIGN_IDENTITY = "iPhone Developer";
				"CODE_SIGN_IDENTITY[sdk=iphoneos*]" = "iPhone Developer";
				FRAMEWORK_SEARCH_PATHS = (
					"$(inherited)",
					"$(PROJECT_DIR)",
				);
				GCC_PRECOMPILE_PREFIX_HEADER = YES;
				GCC_PREFIX_HEADER = "MQTTInspector/MQTTInspector-Prefix.pch";
				INFOPLIST_FILE = "MQTTInspector/MQTTInspector-Info.plist";
				IPHONEOS_DEPLOYMENT_TARGET = 7.1;
				PRODUCT_BUNDLE_IDENTIFIER = "org.mqttitude.${PRODUCT_NAME:rfc1034identifier}";
				PRODUCT_NAME = "$(TARGET_NAME)";
				PROVISIONING_PROFILE = "";
				WRAPPER_EXTENSION = app;
			};
			name = Release;
		};
		8492C991182E63D400A40D8B /* Debug */ = {
			isa = XCBuildConfiguration;
			buildSettings = {
				BUNDLE_LOADER = "$(BUILT_PRODUCTS_DIR)/MQTTInspector.app/MQTTInspector";
				FRAMEWORK_SEARCH_PATHS = (
					"$(SDKROOT)/Developer/Library/Frameworks",
					"$(inherited)",
					"$(DEVELOPER_FRAMEWORKS_DIR)",
				);
				GCC_PRECOMPILE_PREFIX_HEADER = YES;
				GCC_PREFIX_HEADER = "MQTTInspector/MQTTInspector-Prefix.pch";
				GCC_PREPROCESSOR_DEFINITIONS = (
					"DEBUG=1",
					"$(inherited)",
				);
				INFOPLIST_FILE = "MQTTInspectorTests/MQTTInspectorTests-Info.plist";
				PRODUCT_BUNDLE_IDENTIFIER = "org.mqttitude.${PRODUCT_NAME:rfc1034identifier}";
				PRODUCT_NAME = "$(TARGET_NAME)";
				TEST_HOST = "$(BUNDLE_LOADER)";
				WRAPPER_EXTENSION = xctest;
			};
			name = Debug;
		};
		8492C992182E63D400A40D8B /* Release */ = {
			isa = XCBuildConfiguration;
			buildSettings = {
				BUNDLE_LOADER = "$(BUILT_PRODUCTS_DIR)/MQTTInspector.app/MQTTInspector";
				FRAMEWORK_SEARCH_PATHS = (
					"$(SDKROOT)/Developer/Library/Frameworks",
					"$(inherited)",
					"$(DEVELOPER_FRAMEWORKS_DIR)",
				);
				GCC_PRECOMPILE_PREFIX_HEADER = YES;
				GCC_PREFIX_HEADER = "MQTTInspector/MQTTInspector-Prefix.pch";
				INFOPLIST_FILE = "MQTTInspectorTests/MQTTInspectorTests-Info.plist";
				PRODUCT_BUNDLE_IDENTIFIER = "org.mqttitude.${PRODUCT_NAME:rfc1034identifier}";
				PRODUCT_NAME = "$(TARGET_NAME)";
				TEST_HOST = "$(BUNDLE_LOADER)";
				WRAPPER_EXTENSION = xctest;
			};
			name = Release;
		};
/* End XCBuildConfiguration section */

/* Begin XCConfigurationList section */
		8492C94A182E63D300A40D8B /* Build configuration list for PBXProject "MQTTInspector" */ = {
			isa = XCConfigurationList;
			buildConfigurations = (
				8492C98B182E63D400A40D8B /* Debug */,
				8492C98C182E63D400A40D8B /* Release */,
			);
			defaultConfigurationIsVisible = 0;
			defaultConfigurationName = Release;
		};
		8492C98D182E63D400A40D8B /* Build configuration list for PBXNativeTarget "MQTTInspector" */ = {
			isa = XCConfigurationList;
			buildConfigurations = (
				8492C98E182E63D400A40D8B /* Debug */,
				8492C98F182E63D400A40D8B /* Release */,
			);
			defaultConfigurationIsVisible = 0;
			defaultConfigurationName = Release;
		};
		8492C990182E63D400A40D8B /* Build configuration list for PBXNativeTarget "MQTTInspectorTests" */ = {
			isa = XCConfigurationList;
			buildConfigurations = (
				8492C991182E63D400A40D8B /* Debug */,
				8492C992182E63D400A40D8B /* Release */,
			);
			defaultConfigurationIsVisible = 0;
			defaultConfigurationName = Release;
		};
/* End XCConfigurationList section */

/* Begin XCVersionGroup section */
		8492C96C182E63D300A40D8B /* MQTTInspector.xcdatamodeld */ = {
			isa = XCVersionGroup;
			children = (
				84283FF71846ABD70078DA05 /* MQTTInspector 5.xcdatamodel */,
				8423B4AF187BE726006B08AC /* MQTTInspector 1.2.xcdatamodel */,
				8423B4B6187C5B8D006B08AC /* MQTTInspector 1.2a.xcdatamodel */,
				845DBE6F1884310700EDB183 /* MQTTInspector 1.3.xcdatamodel */,
				847355DB189695990028FE7A /* MQTTInspector 1.3a.xcdatamodel */,
				847355DF1896E9DE0028FE7A /* MQTTInspector 1.3b.xcdatamodel */,
				84ECF5E41916624E00B99683 /* MQTTInspector 1.4.2.xcdatamodel */,
				8469BE7A1916DEC300DB43F5 /* MQTTInspector 1.4.2.1.xcdatamodel */,
				8469BE821916E46A00DB43F5 /* MQTTInspector 1.4.2.2.xcdatamodel */,
				84CF33591918BEDE00E433A1 /* MQTTInspector 1.4.2.3.xcdatamodel */,
				848794AA19A612DC00DF56EB /* MQTTInspector 1.5.2.xcdatamodel */,
				84C308F1183A2F6B0031C606 /* MQTTInspector 2.xcdatamodel */,
				84BB7121183A3EE7005AF544 /* MQTTInspector 3.xcdatamodel */,
				84BB7125183A82FC005AF544 /* MQTTInspector 4.xcdatamodel */,
				8492C96D182E63D300A40D8B /* MQTTInspector.xcdatamodel */,
			);
			currentVersion = 848794AA19A612DC00DF56EB /* MQTTInspector 1.5.2.xcdatamodel */;
			path = MQTTInspector.xcdatamodeld;
			sourceTree = "<group>";
			versionGroupType = wrapper.xcdatamodel;
		};
/* End XCVersionGroup section */
	};
	rootObject = 8492C947182E63D300A40D8B /* Project object */;
}
